
Microsoft Visual Studio Solution File, Format Version 12.00
# Visual Studio 15
VisualStudioVersion = 15.0.27703.2026
MinimumVisualStudioVersion = 10.0.40219.1
Project("{FAE04EC0-301F-11D3-BF4B-00C04F79EFBC}") = "capaPresentacion", "ProyectoMovistar\capaPresentacion.csproj", "{BDDCF299-1549-4D6D-9FFA-664F86774515}"
EndProject
Project("{FAE04EC0-301F-11D3-BF4B-00C04F79EFBC}") = "capaDatos", "capaDatos\capaDatos.csproj", "{65B2954F-1B0F-4668-BE90-726FD6E66F80}"
EndProject
Project("{FAE04EC0-301F-11D3-BF4B-00C04F79EFBC}") = "capaPojos", "capaPojos\capaPojos.csproj", "{34CCA0E7-EE2C-4777-A503-6AA5F475F72A}"
EndProject
Project("{FAE04EC0-301F-11D3-BF4B-00C04F79EFBC}") = "Ticket", "Ticket\Ticket.csproj", "{D4B85A45-5163-4CC2-B690-D8D95D1CB916}"
EndProject
Global
	GlobalSection(SolutionConfigurationPlatforms) = preSolution
		Debug|Any CPU = Debug|Any CPU
		Release|Any CPU = Release|Any CPU
	EndGlobalSection
	GlobalSection(ProjectConfigurationPlatforms) = postSolution
		{BDDCF299-1549-4D6D-9FFA-664F86774515}.Debug|Any CPU.ActiveCfg = Debug|Any CPU
		{BDDCF299-1549-4D6D-9FFA-664F86774515}.Debug|Any CPU.Build.0 = Debug|Any CPU
		{BDDCF299-1549-4D6D-9FFA-664F86774515}.Release|Any CPU.ActiveCfg = Release|Any CPU
		{BDDCF299-1549-4D6D-9FFA-664F86774515}.Release|Any CPU.Build.0 = Release|Any CPU
		{65B2954F-1B0F-4668-BE90-726FD6E66F80}.Debug|Any CPU.ActiveCfg = Debug|Any CPU
		{65B2954F-1B0F-4668-BE90-726FD6E66F80}.Debug|Any CPU.Build.0 = Debug|Any CPU
		{65B2954F-1B0F-4668-BE90-726FD6E66F80}.Release|Any CPU.ActiveCfg = Release|Any CPU
		{65B2954F-1B0F-4668-BE90-726FD6E66F80}.Release|Any CPU.Build.0 = Release|Any CPU
		{34CCA0E7-EE2C-4777-A503-6AA5F475F72A}.Debug|Any CPU.ActiveCfg = Debug|Any CPU
		{34CCA0E7-EE2C-4777-A503-6AA5F475F72A}.Debug|Any CPU.Build.0 = Debug|Any CPU
		{34CCA0E7-EE2C-4777-A503-6AA5F475F72A}.Release|Any CPU.ActiveCfg = Release|Any CPU
		{34CCA0E7-EE2C-4777-A503-6AA5F475F72A}.Release|Any CPU.Build.0 = Release|Any CPU
		{D4B85A45-5163-4CC2-B690-D8D95D1CB916}.Debug|Any CPU.ActiveCfg = Debug|Any CPU
		{D4B85A45-5163-4CC2-B690-D8D95D1CB916}.Debug|Any CPU.Build.0 = Debug|Any CPU
		{D4B85A45-5163-4CC2-B690-D8D95D1CB916}.Release|Any CPU.ActiveCfg = Release|Any CPU
		{D4B85A45-5163-4CC2-B690-D8D95D1CB916}.Release|Any CPU.Build.0 = Release|Any CPU
	EndGlobalSection
	GlobalSection(SolutionProperties) = preSolution
		HideSolutionNode = FALSE
	EndGlobalSection
	GlobalSection(ExtensibilityGlobals) = postSolution
		SolutionGuid = {B7DE0486-4BBE-4AAB-8865-CD62D2F2379E}
	EndGlobalSection
EndGlobal
